
Microsoft Visual Studio Solution File, Format Version 12.00
# Visual Studio Version 17
VisualStudioVersion = 17.4.33213.308
MinimumVisualStudioVersion = 10.0.40219.1
Project("{9A19103F-16F7-4668-BE54-9A1E7A4F7556}") = "SharpMember", "SharpMember\SharpMember.csproj", "{AD7B624C-6AA2-4B8D-9CE9-4572E2D8A98F}"
EndProject
Project("{9A19103F-16F7-4668-BE54-9A1E7A4F7556}") = "SharpMember.Core", "SharpMember.Core\SharpMember.Core.csproj", "{807E5374-0F86-49B1-9D55-772AD809B904}"
EndProject
Project("{9A19103F-16F7-4668-BE54-9A1E7A4F7556}") = "SharpMember.XUnitTest", "SharpMember.XUnitTest\SharpMember.XUnitTest.csproj", "{1FE177CE-F455-4A69-B3B9-A7843E3AF5AB}"
EndProject
Project("{9A19103F-16F7-4668-BE54-9A1E7A4F7556}") = "TempTest", "TempTest\TempTest.csproj", "{6677CD58-37EA-4A57-9318-AE69DA0CC836}"
EndProject
Project("{2150E333-8FDC-42A3-9474-1A3956D46DE8}") = "Solution Items", "Solution Items", "{15D7C48D-3046-4191-A3F6-C846921CCB85}"
	ProjectSection(SolutionItems) = preProject
		.gitignore = .gitignore
		nuget.config = nuget.config
		README.md = README.md
		TODOs.md = TODOs.md
		update-local-packges.bat = update-local-packges.bat
	EndProjectSection
EndProject
Project("{9A19103F-16F7-4668-BE54-9A1E7A4F7556}") = "SharpMember.Migrations.SqlServer", "SharpMember.Migrations.SqlServer\SharpMember.Migrations.SqlServer.csproj", "{2AE62EC4-EDB7-4D65-BDE8-846109EA1A5A}"
EndProject
Project("{9A19103F-16F7-4668-BE54-9A1E7A4F7556}") = "SharpMember.Migrations.Postgres", "SharpMember.Migrations.Postgres\SharpMember.Migrations.Postgres.csproj", "{3B170DC8-0179-42FF-B0AC-3C70566CA306}"
EndProject
Project("{9A19103F-16F7-4668-BE54-9A1E7A4F7556}") = "NetCoreUtils.Xunit", "NetCoreUtils.Xunit\NetCoreUtils.Xunit.csproj", "{616B2718-4655-4231-9565-38678051E503}"
EndProject
Project("{2150E333-8FDC-42A3-9474-1A3956D46DE8}") = "Tests", "Tests", "{C419B233-A1DF-4AE8-9283-93653DB36751}"
EndProject
Project("{FAE04EC0-301F-11D3-BF4B-00C04F79EFBC}") = "BuildTools", "BuildTools\BuildTools.csproj", "{A6C84D4B-574D-45C4-8829-7DC9A099AC70}"
EndProject
Project("{2150E333-8FDC-42A3-9474-1A3956D46DE8}") = "github-workflows", "github-workflows", "{02EA681E-C7D8-13C7-8484-4AC65E1B71E8}"
	ProjectSection(SolutionItems) = preProject
		.github\workflows\branch-main.yml = .github\workflows\branch-main.yml
	EndProjectSection
EndProject
Global
	GlobalSection(SolutionConfigurationPlatforms) = preSolution
		Debug|Any CPU = Debug|Any CPU
		Release|Any CPU = Release|Any CPU
	EndGlobalSection
	GlobalSection(ProjectConfigurationPlatforms) = postSolution
		{AD7B624C-6AA2-4B8D-9CE9-4572E2D8A98F}.Debug|Any CPU.ActiveCfg = Debug|Any CPU
		{AD7B624C-6AA2-4B8D-9CE9-4572E2D8A98F}.Debug|Any CPU.Build.0 = Debug|Any CPU
		{AD7B624C-6AA2-4B8D-9CE9-4572E2D8A98F}.Release|Any CPU.ActiveCfg = Release|Any CPU
		{AD7B624C-6AA2-4B8D-9CE9-4572E2D8A98F}.Release|Any CPU.Build.0 = Release|Any CPU
		{807E5374-0F86-49B1-9D55-772AD809B904}.Debug|Any CPU.ActiveCfg = Debug|Any CPU
		{807E5374-0F86-49B1-9D55-772AD809B904}.Debug|Any CPU.Build.0 = Debug|Any CPU
		{807E5374-0F86-49B1-9D55-772AD809B904}.Release|Any CPU.ActiveCfg = Release|Any CPU
		{807E5374-0F86-49B1-9D55-772AD809B904}.Release|Any CPU.Build.0 = Release|Any CPU
		{1FE177CE-F455-4A69-B3B9-A7843E3AF5AB}.Debug|Any CPU.ActiveCfg = Debug|Any CPU
		{1FE177CE-F455-4A69-B3B9-A7843E3AF5AB}.Debug|Any CPU.Build.0 = Debug|Any CPU
		{1FE177CE-F455-4A69-B3B9-A7843E3AF5AB}.Release|Any CPU.ActiveCfg = Release|Any CPU
		{1FE177CE-F455-4A69-B3B9-A7843E3AF5AB}.Release|Any CPU.Build.0 = Release|Any CPU
		{6677CD58-37EA-4A57-9318-AE69DA0CC836}.Debug|Any CPU.ActiveCfg = Debug|Any CPU
		{6677CD58-37EA-4A57-9318-AE69DA0CC836}.Debug|Any CPU.Build.0 = Debug|Any CPU
		{6677CD58-37EA-4A57-9318-AE69DA0CC836}.Release|Any CPU.ActiveCfg = Release|Any CPU
		{6677CD58-37EA-4A57-9318-AE69DA0CC836}.Release|Any CPU.Build.0 = Release|Any CPU
		{2AE62EC4-EDB7-4D65-BDE8-846109EA1A5A}.Debug|Any CPU.ActiveCfg = Debug|Any CPU
		{2AE62EC4-EDB7-4D65-BDE8-846109EA1A5A}.Debug|Any CPU.Build.0 = Debug|Any CPU
		{2AE62EC4-EDB7-4D65-BDE8-846109EA1A5A}.Release|Any CPU.ActiveCfg = Release|Any CPU
		{2AE62EC4-EDB7-4D65-BDE8-846109EA1A5A}.Release|Any CPU.Build.0 = Release|Any CPU
		{3B170DC8-0179-42FF-B0AC-3C70566CA306}.Debug|Any CPU.ActiveCfg = Debug|Any CPU
		{3B170DC8-0179-42FF-B0AC-3C70566CA306}.Debug|Any CPU.Build.0 = Debug|Any CPU
		{3B170DC8-0179-42FF-B0AC-3C70566CA306}.Release|Any CPU.ActiveCfg = Release|Any CPU
		{3B170DC8-0179-42FF-B0AC-3C70566CA306}.Release|Any CPU.Build.0 = Release|Any CPU
		{616B2718-4655-4231-9565-38678051E503}.Debug|Any CPU.ActiveCfg = Debug|Any CPU
		{616B2718-4655-4231-9565-38678051E503}.Debug|Any CPU.Build.0 = Debug|Any CPU
		{616B2718-4655-4231-9565-38678051E503}.Release|Any CPU.ActiveCfg = Release|Any CPU
		{616B2718-4655-4231-9565-38678051E503}.Release|Any CPU.Build.0 = Release|Any CPU
		{A6C84D4B-574D-45C4-8829-7DC9A099AC70}.Debug|Any CPU.ActiveCfg = Debug|Any CPU
		{A6C84D4B-574D-45C4-8829-7DC9A099AC70}.Debug|Any CPU.Build.0 = Debug|Any CPU
		{A6C84D4B-574D-45C4-8829-7DC9A099AC70}.Release|Any CPU.ActiveCfg = Release|Any CPU
		{A6C84D4B-574D-45C4-8829-7DC9A099AC70}.Release|Any CPU.Build.0 = Release|Any CPU
	EndGlobalSection
	GlobalSection(SolutionProperties) = preSolution
		HideSolutionNode = FALSE
	EndGlobalSection
	GlobalSection(NestedProjects) = preSolution
		{1FE177CE-F455-4A69-B3B9-A7843E3AF5AB} = {C419B233-A1DF-4AE8-9283-93653DB36751}
		{6677CD58-37EA-4A57-9318-AE69DA0CC836} = {C419B233-A1DF-4AE8-9283-93653DB36751}
		{616B2718-4655-4231-9565-38678051E503} = {C419B233-A1DF-4AE8-9283-93653DB36751}
		{02EA681E-C7D8-13C7-8484-4AC65E1B71E8} = {15D7C48D-3046-4191-A3F6-C846921CCB85}
	EndGlobalSection
	GlobalSection(ExtensibilityGlobals) = postSolution
		SolutionGuid = {8E6595B9-A3BA-4526-AF50-445D6CFAEFE9}
	EndGlobalSection
EndGlobal
